
Microsoft Visual Studio Solution File, Format Version 12.00
# Visual Studio Version 17
VisualStudioVersion = 17.4.33213.308
MinimumVisualStudioVersion = 10.0.40219.1
Project("{FAE04EC0-301F-11D3-BF4B-00C04F79EFBC}") = "ConsoleApp28", "ConsoleApp28.csproj", "{FC1FD1F3-C058-4825-B1EA-EF24D262749C}"
EndProject
Global
	GlobalSection(SolutionConfigurationPlatforms) = preSolution
		Debug|Any CPU = Debug|Any CPU
		Release|Any CPU = Release|Any CPU
	EndGlobalSection
	GlobalSection(ProjectConfigurationPlatforms) = postSolution
		{FC1FD1F3-C058-4825-B1EA-EF24D262749C}.Debug|Any CPU.ActiveCfg = Debug|Any CPU
		{FC1FD1F3-C058-4825-B1EA-EF24D262749C}.Debug|Any CPU.Build.0 = Debug|Any CPU
		{FC1FD1F3-C058-4825-B1EA-EF24D262749C}.Release|Any CPU.ActiveCfg = Release|Any CPU
		{FC1FD1F3-C058-4825-B1EA-EF24D262749C}.Release|Any CPU.Build.0 = Release|Any CPU
	EndGlobalSection
	GlobalSection(SolutionProperties) = preSolution
		HideSolutionNode = FALSE
	EndGlobalSection
	GlobalSection(ExtensibilityGlobals) = postSolution
		SolutionGuid = {11A5295C-8D5B-47D0-973A-CABD750A4AAA}
	EndGlobalSection
EndGlobal
